
Microsoft Visual Studio Solution File, Format Version 12.00
# Visual Studio Version 17
VisualStudioVersion = 17.7.34003.232
MinimumVisualStudioVersion = 10.0.40219.1
Project("{FAE04EC0-301F-11D3-BF4B-00C04F79EFBC}") = "CQRS", "CQRS\CQRS.csproj", "{C6DDDE57-A8DC-44A6-B069-4EE7C0F84EAD}"
EndProject
Project("{FAE04EC0-301F-11D3-BF4B-00C04F79EFBC}") = "CQRS_Library", "CQRS_Library\CQRS_Library.csproj", "{2F9F23A2-D37E-431B-9E4C-2DE77853C048}"
EndProject
Global
	GlobalSection(SolutionConfigurationPlatforms) = preSolution
		Debug|Any CPU = Debug|Any CPU
		Release|Any CPU = Release|Any CPU
	EndGlobalSection
	GlobalSection(ProjectConfigurationPlatforms) = postSolution
		{C6DDDE57-A8DC-44A6-B069-4EE7C0F84EAD}.Debug|Any CPU.ActiveCfg = Debug|Any CPU
		{C6DDDE57-A8DC-44A6-B069-4EE7C0F84EAD}.Debug|Any CPU.Build.0 = Debug|Any CPU
		{C6DDDE57-A8DC-44A6-B069-4EE7C0F84EAD}.Release|Any CPU.ActiveCfg = Release|Any CPU
		{C6DDDE57-A8DC-44A6-B069-4EE7C0F84EAD}.Release|Any CPU.Build.0 = Release|Any CPU
		{2F9F23A2-D37E-431B-9E4C-2DE77853C048}.Debug|Any CPU.ActiveCfg = Debug|Any CPU
		{2F9F23A2-D37E-431B-9E4C-2DE77853C048}.Debug|Any CPU.Build.0 = Debug|Any CPU
		{2F9F23A2-D37E-431B-9E4C-2DE77853C048}.Release|Any CPU.ActiveCfg = Release|Any CPU
		{2F9F23A2-D37E-431B-9E4C-2DE77853C048}.Release|Any CPU.Build.0 = Release|Any CPU
	EndGlobalSection
	GlobalSection(SolutionProperties) = preSolution
		HideSolutionNode = FALSE
	EndGlobalSection
	GlobalSection(ExtensibilityGlobals) = postSolution
		SolutionGuid = {C8319804-A2FE-418A-92E0-017DB36BD1A1}
	EndGlobalSection
EndGlobal
